
Microsoft Visual Studio Solution File, Format Version 12.00
# Visual Studio Version 17
VisualStudioVersion = 17.5.33530.505
MinimumVisualStudioVersion = 10.0.40219.1
Project("{FAE04EC0-301F-11D3-BF4B-00C04F79EFBC}") = "PracticalWork6", "PracticalWork6.csproj", "{8704AC74-BFBB-4EC9-B318-299A9E5C5077}"
EndProject
Global
	GlobalSection(SolutionConfigurationPlatforms) = preSolution
		Debug|Any CPU = Debug|Any CPU
		Release|Any CPU = Release|Any CPU
	EndGlobalSection
	GlobalSection(ProjectConfigurationPlatforms) = postSolution
		{8704AC74-BFBB-4EC9-B318-299A9E5C5077}.Debug|Any CPU.ActiveCfg = Debug|Any CPU
		{8704AC74-BFBB-4EC9-B318-299A9E5C5077}.Debug|Any CPU.Build.0 = Debug|Any CPU
		{8704AC74-BFBB-4EC9-B318-299A9E5C5077}.Release|Any CPU.ActiveCfg = Release|Any CPU
		{8704AC74-BFBB-4EC9-B318-299A9E5C5077}.Release|Any CPU.Build.0 = Release|Any CPU
	EndGlobalSection
	GlobalSection(SolutionProperties) = preSolution
		HideSolutionNode = FALSE
	EndGlobalSection
	GlobalSection(ExtensibilityGlobals) = postSolution
		SolutionGuid = {EE2EBD37-584B-404D-BDE8-0213CAA2439B}
	EndGlobalSection
EndGlobal
